
Microsoft Visual Studio Solution File, Format Version 12.00
# Visual Studio Version 17
VisualStudioVersion = 17.8.34511.84
MinimumVisualStudioVersion = 10.0.40219.1
Project("{F184B08F-C81C-45F6-A57F-5ABD9991F28F}") = "Proy1", "Proy1.vbproj", "{12B462FE-B2B8-423B-92FF-83CB140F4E32}"
EndProject
Global
	GlobalSection(SolutionConfigurationPlatforms) = preSolution
		Debug|Any CPU = Debug|Any CPU
		Release|Any CPU = Release|Any CPU
	EndGlobalSection
	GlobalSection(ProjectConfigurationPlatforms) = postSolution
		{12B462FE-B2B8-423B-92FF-83CB140F4E32}.Debug|Any CPU.ActiveCfg = Debug|Any CPU
		{12B462FE-B2B8-423B-92FF-83CB140F4E32}.Debug|Any CPU.Build.0 = Debug|Any CPU
		{12B462FE-B2B8-423B-92FF-83CB140F4E32}.Release|Any CPU.ActiveCfg = Release|Any CPU
		{12B462FE-B2B8-423B-92FF-83CB140F4E32}.Release|Any CPU.Build.0 = Release|Any CPU
	EndGlobalSection
	GlobalSection(SolutionProperties) = preSolution
		HideSolutionNode = FALSE
	EndGlobalSection
	GlobalSection(ExtensibilityGlobals) = postSolution
		SolutionGuid = {3864E93B-B73A-42D9-ACBF-2FB5F2769DB8}
	EndGlobalSection
EndGlobal
